<?xml version="1.0" encoding="utf-8"?>
<Project ToolsVersion="4.0" xmlns="http://schemas.microsoft.com/developer/msbuild/2003">
  <ItemGroup>
    <Filter Include="Fargrid">
      <UniqueIdentifier>{84F6B9FA-F0D5-3896-F9ED-C36C654C9FF7}</UniqueIdentifier>
    </Filter>
    <Filter Include="Fargrid\Events">
      <UniqueIdentifier>{E8A59070-D473-8476-BD07-F59CA97460DB}</UniqueIdentifier>
    </Filter>
  </ItemGroup>
  <ItemGroup>
    <ClInclude Include="src\Fargrid.h" />
    <ClInclude Include="src\Fargrid\Application.h">
      <Filter>Fargrid</Filter>
    </ClInclude>
    <ClInclude Include="src\Fargrid\Core.h">
      <Filter>Fargrid</Filter>
    </ClInclude>
    <ClInclude Include="src\Fargrid\EntryPoint.h">
      <Filter>Fargrid</Filter>
    </ClInclude>
    <ClInclude Include="src\Fargrid\Events\ApplicationEvent.h">
      <Filter>Fargrid\Events</Filter>
    </ClInclude>
    <ClInclude Include="src\Fargrid\Events\Event.h">
      <Filter>Fargrid\Events</Filter>
    </ClInclude>
    <ClInclude Include="src\Fargrid\Events\KeyEvent.h">
      <Filter>Fargrid\Events</Filter>
    </ClInclude>
    <ClInclude Include="src\Fargrid\Events\MouseEvent.h">
      <Filter>Fargrid\Events</Filter>
    </ClInclude>
    <ClInclude Include="src\Fargrid\Log.h">
      <Filter>Fargrid</Filter>
    </ClInclude>
  </ItemGroup>
  <ItemGroup>
    <ClCompile Include="src\Fargrid\Application.cpp">
      <Filter>Fargrid</Filter>
    </ClCompile>
    <ClCompile Include="src\Fargrid\Log.cpp">
      <Filter>Fargrid</Filter>
    </ClCompile>
  </ItemGroup>
</Project>