<?xml version="1.0" encoding="utf-8"?>
<Project ToolsVersion="4.0" xmlns="http://schemas.microsoft.com/developer/msbuild/2003">
  <ItemGroup>
    <Filter Include="Fargrid">
      <UniqueIdentifier>{84F6B9FA-F0D5-3896-F9ED-C36C654C9FF7}</UniqueIdentifier>
    </Filter>
    <Filter Include="Fargrid\Events">
      <UniqueIdentifier>{E8A59070-D473-8476-BD07-F59CA97460DB}</UniqueIdentifier>
    </Filter>
    <Filter Include="Fargrid\ImGui">
      <UniqueIdentifier>{AE3EEAFB-1AFF-6532-E339-AFAF4FB9AA0E}</UniqueIdentifier>
    </Filter>
    <Filter Include="Platform">
      <UniqueIdentifier>{2AC788B4-1694-E3BF-3FAD-D1672BD9184E}</UniqueIdentifier>
    </Filter>
    <Filter Include="Platform\OpenGL">
      <UniqueIdentifier>{1E7D2C1D-8A08-9AE1-9319-1DD6FF23F6E1}</UniqueIdentifier>
    </Filter>
    <Filter Include="Platform\Windows">
      <UniqueIdentifier>{64FBD71A-50F4-F66C-7926-DCF1657ED678}</UniqueIdentifier>
    </Filter>
  </ItemGroup>
  <ItemGroup>
    <ClInclude Include="src\Fargrid.h" />
    <ClInclude Include="src\Fargrid\Application.h">
      <Filter>Fargrid</Filter>
    </ClInclude>
    <ClInclude Include="src\Fargrid\Core.h">
      <Filter>Fargrid</Filter>
    </ClInclude>
    <ClInclude Include="src\Fargrid\EntryPoint.h">
      <Filter>Fargrid</Filter>
    </ClInclude>
    <ClInclude Include="src\Fargrid\Events\ApplicationEvent.h">
      <Filter>Fargrid\Events</Filter>
    </ClInclude>
    <ClInclude Include="src\Fargrid\Events\Event.h">
      <Filter>Fargrid\Events</Filter>
    </ClInclude>
    <ClInclude Include="src\Fargrid\Events\KeyEvent.h">
      <Filter>Fargrid\Events</Filter>
    </ClInclude>
    <ClInclude Include="src\Fargrid\Events\MouseEvent.h">
      <Filter>Fargrid\Events</Filter>
    </ClInclude>
    <ClInclude Include="src\Fargrid\ImGui\ImGuiLayer.h">
      <Filter>Fargrid\ImGui</Filter>
    </ClInclude>
    <ClInclude Include="src\Fargrid\Layer.h">
      <Filter>Fargrid</Filter>
    </ClInclude>
    <ClInclude Include="src\Fargrid\LayerStack.h">
      <Filter>Fargrid</Filter>
    </ClInclude>
    <ClInclude Include="src\Fargrid\Log.h">
      <Filter>Fargrid</Filter>
    </ClInclude>
    <ClInclude Include="src\Fargrid\Window.h">
      <Filter>Fargrid</Filter>
    </ClInclude>
    <ClInclude Include="src\Platform\OpenGL\ImGuiOpenGLRenderer.h">
      <Filter>Platform\OpenGL</Filter>
    </ClInclude>
    <ClInclude Include="src\Platform\Windows\WindowsWindow.h">
      <Filter>Platform\Windows</Filter>
    </ClInclude>
    <ClInclude Include="src\fgpch.h" />
    <ClInclude Include="src\Fargrid\Input.h" />
    <ClInclude Include="src\Platform\Windows\WindowsInput.h" />
    <ClInclude Include="src\Fargrid\KeyCodes.h" />
    <ClInclude Include="src\Fargrid\MouseButtonCodes.h" />
  </ItemGroup>
  <ItemGroup>
    <ClCompile Include="src\Fargrid\Application.cpp">
      <Filter>Fargrid</Filter>
    </ClCompile>
    <ClCompile Include="src\Fargrid\ImGui\ImGuiLayer.cpp">
      <Filter>Fargrid\ImGui</Filter>
    </ClCompile>
    <ClCompile Include="src\Fargrid\Layer.cpp">
      <Filter>Fargrid</Filter>
    </ClCompile>
    <ClCompile Include="src\Fargrid\LayerStack.cpp">
      <Filter>Fargrid</Filter>
    </ClCompile>
    <ClCompile Include="src\Fargrid\Log.cpp">
      <Filter>Fargrid</Filter>
    </ClCompile>
    <ClCompile Include="src\Platform\OpenGL\ImGuiOpenGLRenderer.cpp">
      <Filter>Platform\OpenGL</Filter>
    </ClCompile>
    <ClCompile Include="src\Platform\Windows\WindowsWindow.cpp">
      <Filter>Platform\Windows</Filter>
    </ClCompile>
    <ClCompile Include="src\fgpch.cpp" />
    <ClCompile Include="src\Platform\Windows\WindowsInput.cpp" />
  </ItemGroup>
</Project>